
Microsoft Visual Studio Solution File, Format Version 12.00
# Visual Studio Version 16
VisualStudioVersion = 16.0.30503.244
MinimumVisualStudioVersion = 10.0.40219.1
Project("{FAE04EC0-301F-11D3-BF4B-00C04F79EFBC}") = "BSBuilder", "BSBuilder\BSBuilder.csproj", "{D79C5A6F-06EF-47BA-B8C1-76F019C6C050}"
EndProject
Global
	GlobalSection(SolutionConfigurationPlatforms) = preSolution
		Debug|Any CPU = Debug|Any CPU
		Release|Any CPU = Release|Any CPU
	EndGlobalSection
	GlobalSection(ProjectConfigurationPlatforms) = postSolution
		{D79C5A6F-06EF-47BA-B8C1-76F019C6C050}.Debug|Any CPU.ActiveCfg = Debug|Any CPU
		{D79C5A6F-06EF-47BA-B8C1-76F019C6C050}.Debug|Any CPU.Build.0 = Debug|Any CPU
		{D79C5A6F-06EF-47BA-B8C1-76F019C6C050}.Release|Any CPU.ActiveCfg = Release|Any CPU
		{D79C5A6F-06EF-47BA-B8C1-76F019C6C050}.Release|Any CPU.Build.0 = Release|Any CPU
	EndGlobalSection
	GlobalSection(SolutionProperties) = preSolution
		HideSolutionNode = FALSE
	EndGlobalSection
	GlobalSection(ExtensibilityGlobals) = postSolution
		SolutionGuid = {1AABBE0E-6D4A-406D-9111-BD4C75395801}
	EndGlobalSection
EndGlobal
